<?xml version="1.0" encoding="UTF-8"?>
<Scheme
   version = "1.3">
   <BuildAction>
      <BuildActionEntries>
         <BuildActionEntry
            buildForRunning = "YES">
            <BuildableReference
               BuildableIdentifier = "primary"
               BlueprintIdentifier = "CA6ECE7476C461EE636D4F3E"
               BuildableName = "SwiftNotes.app"
               BlueprintName = "SwiftNotes"
               ReferencedContainer = "container:SwiftNotes.xcodeproj">
            </BuildableReference>
         </BuildActionEntry>
      </BuildActionEntries>
   </BuildAction>
   <LaunchAction
      useCustomWorkingDirectory = "NO"
      buildConfiguration = "Debug"
      allowLocationSimulation = "YES">
      <BuildableProductRunnable>
         <BuildableReference
            BuildableIdentifier = "primary"
            BlueprintIdentifier = "CA6ECE7476C461EE636D4F3E"
            BuildableName = "SwiftNotes.app"
            BlueprintName = "SwiftNotes"
            ReferencedContainer = "container:SwiftNotes.xcodeproj">
         </BuildableReference>
      </BuildableProductRunnable>
   </LaunchAction>
</Scheme>
